
Microsoft Visual Studio Solution File, Format Version 12.00
# Visual Studio Version 17
VisualStudioVersion = 17.0.31423.177
MinimumVisualStudioVersion = 10.0.40219.1
Project("{9A19103F-16F7-4668-BE54-9A1E7A4F7556}") = "XmlCrawler", "XmlCrawler\XmlCrawler.csproj", "{3FE480C5-29BD-416A-B6B0-BCCB02FA604A}"
EndProject
Project("{FAE04EC0-301F-11D3-BF4B-00C04F79EFBC}") = "Tests", "Tests\Tests.csproj", "{11AC62FE-CACD-477A-A3D8-BD3E41452DF2}"
EndProject
Global
	GlobalSection(SolutionConfigurationPlatforms) = preSolution
		Debug|Any CPU = Debug|Any CPU
		Release|Any CPU = Release|Any CPU
	EndGlobalSection
	GlobalSection(ProjectConfigurationPlatforms) = postSolution
		{3FE480C5-29BD-416A-B6B0-BCCB02FA604A}.Debug|Any CPU.ActiveCfg = Debug|Any CPU
		{3FE480C5-29BD-416A-B6B0-BCCB02FA604A}.Debug|Any CPU.Build.0 = Debug|Any CPU
		{3FE480C5-29BD-416A-B6B0-BCCB02FA604A}.Release|Any CPU.ActiveCfg = Release|Any CPU
		{3FE480C5-29BD-416A-B6B0-BCCB02FA604A}.Release|Any CPU.Build.0 = Release|Any CPU
		{11AC62FE-CACD-477A-A3D8-BD3E41452DF2}.Debug|Any CPU.ActiveCfg = Debug|Any CPU
		{11AC62FE-CACD-477A-A3D8-BD3E41452DF2}.Debug|Any CPU.Build.0 = Debug|Any CPU
		{11AC62FE-CACD-477A-A3D8-BD3E41452DF2}.Release|Any CPU.ActiveCfg = Release|Any CPU
		{11AC62FE-CACD-477A-A3D8-BD3E41452DF2}.Release|Any CPU.Build.0 = Release|Any CPU
	EndGlobalSection
	GlobalSection(SolutionProperties) = preSolution
		HideSolutionNode = FALSE
	EndGlobalSection
	GlobalSection(ExtensibilityGlobals) = postSolution
		SolutionGuid = {B594E062-6A8C-42DA-A4DE-A978C1FD35A3}
	EndGlobalSection
EndGlobal
